
Microsoft Visual Studio Solution File, Format Version 12.00
# Visual Studio 15
VisualStudioVersion = 15.0.27428.2015
MinimumVisualStudioVersion = 10.0.40219.1
Project("{FAE04EC0-301F-11D3-BF4B-00C04F79EFBC}") = "FixedDebugTwelve3", "FixedDebugTwelve3\FixedDebugTwelve3.csproj", "{C186FBE9-3B96-4724-A219-5B7DF9A3ADC5}"
EndProject
Global
	GlobalSection(SolutionConfigurationPlatforms) = preSolution
		Debug|x86 = Debug|x86
		Release|x86 = Release|x86
	EndGlobalSection
	GlobalSection(ProjectConfigurationPlatforms) = postSolution
		{C186FBE9-3B96-4724-A219-5B7DF9A3ADC5}.Debug|x86.ActiveCfg = Debug|x86
		{C186FBE9-3B96-4724-A219-5B7DF9A3ADC5}.Debug|x86.Build.0 = Debug|x86
		{C186FBE9-3B96-4724-A219-5B7DF9A3ADC5}.Release|x86.ActiveCfg = Release|x86
		{C186FBE9-3B96-4724-A219-5B7DF9A3ADC5}.Release|x86.Build.0 = Release|x86
	EndGlobalSection
	GlobalSection(SolutionProperties) = preSolution
		HideSolutionNode = FALSE
	EndGlobalSection
	GlobalSection(ExtensibilityGlobals) = postSolution
		SolutionGuid = {A66E4E50-584F-4B41-B7AF-E5D676369D0A}
	EndGlobalSection
EndGlobal
